// !$*UTF8*$!
{
	archiveVersion = 1;
	classes = {
	};
	objectVersion = 46;
	objects = {

/* Begin PBXBuildFile section */
		6A5C6F791E48BDAE00AD323C /* AppDelegate.swift in Sources */ = {isa = PBXBuildFile; fileRef = 6A5C6F781E48BDAE00AD323C /* AppDelegate.swift */; };
		6A5C6F7E1E48BDAE00AD323C /* Main.storyboard in Resources */ = {isa = PBXBuildFile; fileRef = 6A5C6F7C1E48BDAE00AD323C /* Main.storyboard */; };
		6A5C6F801E48BDAE00AD323C /* Assets.xcassets in Resources */ = {isa = PBXBuildFile; fileRef = 6A5C6F7F1E48BDAE00AD323C /* Assets.xcassets */; };
		6A5C6FD21E48CAD500AD323C /* HomeTableController.swift in Sources */ = {isa = PBXBuildFile; fileRef = 6A5C6FB41E48CAD500AD323C /* HomeTableController.swift */; };
		6A5C6FD31E48CAD500AD323C /* MessageTableController.swift in Sources */ = {isa = PBXBuildFile; fileRef = 6A5C6FB91E48CAD500AD323C /* MessageTableController.swift */; };
		6A5C6FD41E48CAD500AD323C /* MineTableViewController.swift in Sources */ = {isa = PBXBuildFile; fileRef = 6A5C6FBE1E48CAD500AD323C /* MineTableViewController.swift */; };
		6A5C6FD51E48CAD500AD323C /* PublishTableController.swift in Sources */ = {isa = PBXBuildFile; fileRef = 6A5C6FC31E48CAD500AD323C /* PublishTableController.swift */; };
		6A5C6FD61E48CAD500AD323C /* SearchTableController.swift in Sources */ = {isa = PBXBuildFile; fileRef = 6A5C6FC81E48CAD500AD323C /* SearchTableController.swift */; };
		6A5C6FD71E48CAD500AD323C /* BaseTabBarController.swift in Sources */ = {isa = PBXBuildFile; fileRef = 6A5C6FCD1E48CAD500AD323C /* BaseTabBarController.swift */; };
		6A5C6FD91E48CAEA00AD323C /* MainVCSettings.json in Resources */ = {isa = PBXBuildFile; fileRef = 6A5C6FD81E48CAEA00AD323C /* MainVCSettings.json */; };
/* End PBXBuildFile section */

/* Begin PBXFileReference section */
		6A5C6F751E48BDAE00AD323C /* JunWeiBo.app */ = {isa = PBXFileReference; explicitFileType = wrapper.application; includeInIndex = 0; path = JunWeiBo.app; sourceTree = BUILT_PRODUCTS_DIR; };
		6A5C6F781E48BDAE00AD323C /* AppDelegate.swift */ = {isa = PBXFileReference; lastKnownFileType = sourcecode.swift; path = AppDelegate.swift; sourceTree = "<group>"; };
		6A5C6F7D1E48BDAE00AD323C /* Base */ = {isa = PBXFileReference; lastKnownFileType = file.storyboard; name = Base; path = Base.lproj/Main.storyboard; sourceTree = "<group>"; };
		6A5C6F7F1E48BDAE00AD323C /* Assets.xcassets */ = {isa = PBXFileReference; lastKnownFileType = folder.assetcatalog; path = Assets.xcassets; sourceTree = "<group>"; };
		6A5C6F841E48BDAE00AD323C /* Info.plist */ = {isa = PBXFileReference; lastKnownFileType = text.plist.xml; path = Info.plist; sourceTree = "<group>"; };
		6A5C6FB41E48CAD500AD323C /* HomeTableController.swift */ = {isa = PBXFileReference; fileEncoding = 4; lastKnownFileType = sourcecode.swift; path = HomeTableController.swift; sourceTree = "<group>"; };
		6A5C6FB91E48CAD500AD323C /* MessageTableController.swift */ = {isa = PBXFileReference; fileEncoding = 4; lastKnownFileType = sourcecode.swift; path = MessageTableController.swift; sourceTree = "<group>"; };
		6A5C6FBE1E48CAD500AD323C /* MineTableViewController.swift */ = {isa = PBXFileReference; fileEncoding = 4; lastKnownFileType = sourcecode.swift; path = MineTableViewController.swift; sourceTree = "<group>"; };
		6A5C6FC31E48CAD500AD323C /* PublishTableController.swift */ = {isa = PBXFileReference; fileEncoding = 4; lastKnownFileType = sourcecode.swift; path = PublishTableController.swift; sourceTree = "<group>"; };
		6A5C6FC81E48CAD500AD323C /* SearchTableController.swift */ = {isa = PBXFileReference; fileEncoding = 4; lastKnownFileType = sourcecode.swift; path = SearchTableController.swift; sourceTree = "<group>"; };
		6A5C6FCD1E48CAD500AD323C /* BaseTabBarController.swift */ = {isa = PBXFileReference; fileEncoding = 4; lastKnownFileType = sourcecode.swift; path = BaseTabBarController.swift; sourceTree = "<group>"; };
		6A5C6FD81E48CAEA00AD323C /* MainVCSettings.json */ = {isa = PBXFileReference; fileEncoding = 4; lastKnownFileType = text.json; path = MainVCSettings.json; sourceTree = "<group>"; };
/* End PBXFileReference section */

/* Begin PBXFrameworksBuildPhase section */
		6A5C6F721E48BDAE00AD323C /* Frameworks */ = {
			isa = PBXFrameworksBuildPhase;
			buildActionMask = 2147483647;
			files = (
			);
			runOnlyForDeploymentPostprocessing = 0;
		};
/* End PBXFrameworksBuildPhase section */

/* Begin PBXGroup section */
		6A5C6F6C1E48BDAE00AD323C = {
			isa = PBXGroup;
			children = (
				6A5C6F771E48BDAE00AD323C /* JunWeiBo */,
				6A5C6F761E48BDAE00AD323C /* Products */,
			);
			sourceTree = "<group>";
		};
		6A5C6F761E48BDAE00AD323C /* Products */ = {
			isa = PBXGroup;
			children = (
				6A5C6F751E48BDAE00AD323C /* JunWeiBo.app */,
			);
			name = Products;
			sourceTree = "<group>";
		};
		6A5C6F771E48BDAE00AD323C /* JunWeiBo */ = {
			isa = PBXGroup;
			children = (
				6A5C6FB11E48CAD500AD323C /* Classes */,
				6A5C6F781E48BDAE00AD323C /* AppDelegate.swift */,
				6A5C6F7C1E48BDAE00AD323C /* Main.storyboard */,
				6A5C6F7F1E48BDAE00AD323C /* Assets.xcassets */,
				6A5C6F841E48BDAE00AD323C /* Info.plist */,
			);
			path = JunWeiBo;
			sourceTree = "<group>";
		};
		6A5C6FB11E48CAD500AD323C /* Classes */ = {
			isa = PBXGroup;
			children = (
				6A5C6FB21E48CAD500AD323C /* Home */,
				6A5C6FB71E48CAD500AD323C /* Message */,
				6A5C6FBC1E48CAD500AD323C /* Mine */,
				6A5C6FC11E48CAD500AD323C /* Publish */,
				6A5C6FC61E48CAD500AD323C /* Search */,
				6A5C6FCB1E48CAD500AD323C /* Tools */,
			);
			path = Classes;
			sourceTree = "<group>";
		};
		6A5C6FB21E48CAD500AD323C /* Home */ = {
			isa = PBXGroup;
			children = (
				6A5C6FB31E48CAD500AD323C /* Controllers */,
				6A5C6FB51E48CAD500AD323C /* Models */,
				6A5C6FB61E48CAD500AD323C /* Views */,
			);
			path = Home;
			sourceTree = "<group>";
		};
		6A5C6FB31E48CAD500AD323C /* Controllers */ = {
			isa = PBXGroup;
			children = (
				6A5C6FB41E48CAD500AD323C /* HomeTableController.swift */,
			);
			path = Controllers;
			sourceTree = "<group>";
		};
		6A5C6FB51E48CAD500AD323C /* Models */ = {
			isa = PBXGroup;
			children = (
			);
			path = Models;
			sourceTree = "<group>";
		};
		6A5C6FB61E48CAD500AD323C /* Views */ = {
			isa = PBXGroup;
			children = (
			);
			path = Views;
			sourceTree = "<group>";
		};
		6A5C6FB71E48CAD500AD323C /* Message */ = {
			isa = PBXGroup;
			children = (
				6A5C6FB81E48CAD500AD323C /* Controllers */,
				6A5C6FBA1E48CAD500AD323C /* Models */,
				6A5C6FBB1E48CAD500AD323C /* Views */,
			);
			path = Message;
			sourceTree = "<group>";
		};
		6A5C6FB81E48CAD500AD323C /* Controllers */ = {
			isa = PBXGroup;
			children = (
				6A5C6FB91E48CAD500AD323C /* MessageTableController.swift */,
			);
			path = Controllers;
			sourceTree = "<group>";
		};
		6A5C6FBA1E48CAD500AD323C /* Models */ = {
			isa = PBXGroup;
			children = (
			);
			path = Models;
			sourceTree = "<group>";
		};
		6A5C6FBB1E48CAD500AD323C /* Views */ = {
			isa = PBXGroup;
			children = (
			);
			path = Views;
			sourceTree = "<group>";
		};
		6A5C6FBC1E48CAD500AD323C /* Mine */ = {
			isa = PBXGroup;
			children = (
				6A5C6FBD1E48CAD500AD323C /* Controllers */,
				6A5C6FBF1E48CAD500AD323C /* Models */,
				6A5C6FC01E48CAD500AD323C /* Views */,
			);
			path = Mine;
			sourceTree = "<group>";
		};
		6A5C6FBD1E48CAD500AD323C /* Controllers */ = {
			isa = PBXGroup;
			children = (
				6A5C6FBE1E48CAD500AD323C /* MineTableViewController.swift */,
			);
			path = Controllers;
			sourceTree = "<group>";
		};
		6A5C6FBF1E48CAD500AD323C /* Models */ = {
			isa = PBXGroup;
			children = (
			);
			path = Models;
			sourceTree = "<group>";
		};
		6A5C6FC01E48CAD500AD323C /* Views */ = {
			isa = PBXGroup;
			children = (
			);
			path = Views;
			sourceTree = "<group>";
		};
		6A5C6FC11E48CAD500AD323C /* Publish */ = {
			isa = PBXGroup;
			children = (
				6A5C6FC21E48CAD500AD323C /* Controllers */,
				6A5C6FC41E48CAD500AD323C /* Models */,
				6A5C6FC51E48CAD500AD323C /* Views */,
			);
			path = Publish;
			sourceTree = "<group>";
		};
		6A5C6FC21E48CAD500AD323C /* Controllers */ = {
			isa = PBXGroup;
			children = (
				6A5C6FC31E48CAD500AD323C /* PublishTableController.swift */,
			);
			path = Controllers;
			sourceTree = "<group>";
		};
		6A5C6FC41E48CAD500AD323C /* Models */ = {
			isa = PBXGroup;
			children = (
			);
			path = Models;
			sourceTree = "<group>";
		};
		6A5C6FC51E48CAD500AD323C /* Views */ = {
			isa = PBXGroup;
			children = (
			);
			path = Views;
			sourceTree = "<group>";
		};
		6A5C6FC61E48CAD500AD323C /* Search */ = {
			isa = PBXGroup;
			children = (
				6A5C6FC71E48CAD500AD323C /* Controllers */,
				6A5C6FC91E48CAD500AD323C /* Models */,
				6A5C6FCA1E48CAD500AD323C /* Views */,
			);
			path = Search;
			sourceTree = "<group>";
		};
		6A5C6FC71E48CAD500AD323C /* Controllers */ = {
			isa = PBXGroup;
			children = (
				6A5C6FC81E48CAD500AD323C /* SearchTableController.swift */,
			);
			path = Controllers;
			sourceTree = "<group>";
		};
		6A5C6FC91E48CAD500AD323C /* Models */ = {
			isa = PBXGroup;
			children = (
			);
			path = Models;
			sourceTree = "<group>";
		};
		6A5C6FCA1E48CAD500AD323C /* Views */ = {
			isa = PBXGroup;
			children = (
			);
			path = Views;
			sourceTree = "<group>";
		};
		6A5C6FCB1E48CAD500AD323C /* Tools */ = {
			isa = PBXGroup;
			children = (
				6A5C6FCC1E48CAD500AD323C /* Base基类 */,
				6A5C6FCE1E48CAD500AD323C /* Category */,
				6A5C6FCF1E48CAD500AD323C /* Define宏 */,
				6A5C6FD01E48CAD500AD323C /* ThirdLibrary */,
				6A5C6FD11E48CAD500AD323C /* UIInhert继承 */,
			);
			path = Tools;
			sourceTree = "<group>";
		};
		6A5C6FCC1E48CAD500AD323C /* Base基类 */ = {
			isa = PBXGroup;
			children = (
				6A5C6FD81E48CAEA00AD323C /* MainVCSettings.json */,
				6A5C6FCD1E48CAD500AD323C /* BaseTabBarController.swift */,
			);
			path = "Base基类";
			sourceTree = "<group>";
		};
		6A5C6FCE1E48CAD500AD323C /* Category */ = {
			isa = PBXGroup;
			children = (
			);
			path = Category;
			sourceTree = "<group>";
		};
		6A5C6FCF1E48CAD500AD323C /* Define宏 */ = {
			isa = PBXGroup;
			children = (
			);
			path = "Define宏";
			sourceTree = "<group>";
		};
		6A5C6FD01E48CAD500AD323C /* ThirdLibrary */ = {
			isa = PBXGroup;
			children = (
			);
			path = ThirdLibrary;
			sourceTree = "<group>";
		};
		6A5C6FD11E48CAD500AD323C /* UIInhert继承 */ = {
			isa = PBXGroup;
			children = (
			);
			path = "UIInhert继承";
			sourceTree = "<group>";
		};
/* End PBXGroup section */

/* Begin PBXNativeTarget section */
		6A5C6F741E48BDAE00AD323C /* JunWeiBo */ = {
			isa = PBXNativeTarget;
			buildConfigurationList = 6A5C6F871E48BDAE00AD323C /* Build configuration list for PBXNativeTarget "JunWeiBo" */;
			buildPhases = (
				6A5C6F711E48BDAE00AD323C /* Sources */,
				6A5C6F721E48BDAE00AD323C /* Frameworks */,
				6A5C6F731E48BDAE00AD323C /* Resources */,
			);
			buildRules = (
			);
			dependencies = (
			);
			name = JunWeiBo;
			productName = JunWeiBo;
			productReference = 6A5C6F751E48BDAE00AD323C /* JunWeiBo.app */;
			productType = "com.apple.product-type.application";
		};
/* End PBXNativeTarget section */

/* Begin PBXProject section */
		6A5C6F6D1E48BDAE00AD323C /* Project object */ = {
			isa = PBXProject;
			attributes = {
				LastSwiftUpdateCheck = 0800;
				LastUpgradeCheck = 0800;
				ORGANIZATIONNAME = Quanjun;
				TargetAttributes = {
					6A5C6F741E48BDAE00AD323C = {
						CreatedOnToolsVersion = 8.0;
						LastSwiftMigration = 0830;
						ProvisioningStyle = Automatic;
					};
				};
			};
			buildConfigurationList = 6A5C6F701E48BDAE00AD323C /* Build configuration list for PBXProject "JunWeiBo" */;
			compatibilityVersion = "Xcode 3.2";
			developmentRegion = English;
			hasScannedForEncodings = 0;
			knownRegions = (
				en,
				Base,
			);
			mainGroup = 6A5C6F6C1E48BDAE00AD323C;
			productRefGroup = 6A5C6F761E48BDAE00AD323C /* Products */;
			projectDirPath = "";
			projectRoot = "";
			targets = (
				6A5C6F741E48BDAE00AD323C /* JunWeiBo */,
			);
		};
/* End PBXProject section */

/* Begin PBXResourcesBuildPhase section */
		6A5C6F731E48BDAE00AD323C /* Resources */ = {
			isa = PBXResourcesBuildPhase;
			buildActionMask = 2147483647;
			files = (
				6A5C6F801E48BDAE00AD323C /* Assets.xcassets in Resources */,
				6A5C6F7E1E48BDAE00AD323C /* Main.storyboard in Resources */,
				6A5C6FD91E48CAEA00AD323C /* MainVCSettings.json in Resources */,
			);
			runOnlyForDeploymentPostprocessing = 0;
		};
/* End PBXResourcesBuildPhase section */

/* Begin PBXSourcesBuildPhase section */
		6A5C6F711E48BDAE00AD323C /* Sources */ = {
			isa = PBXSourcesBuildPhase;
			buildActionMask = 2147483647;
			files = (
				6A5C6FD71E48CAD500AD323C /* BaseTabBarController.swift in Sources */,
				6A5C6FD61E48CAD500AD323C /* SearchTableController.swift in Sources */,
				6A5C6FD41E48CAD500AD323C /* MineTableViewController.swift in Sources */,
				6A5C6FD31E48CAD500AD323C /* MessageTableController.swift in Sources */,
				6A5C6FD51E48CAD500AD323C /* PublishTableController.swift in Sources */,
				6A5C6F791E48BDAE00AD323C /* AppDelegate.swift in Sources */,
				6A5C6FD21E48CAD500AD323C /* HomeTableController.swift in Sources */,
			);
			runOnlyForDeploymentPostprocessing = 0;
		};
/* End PBXSourcesBuildPhase section */

/* Begin PBXVariantGroup section */
		6A5C6F7C1E48BDAE00AD323C /* Main.storyboard */ = {
			isa = PBXVariantGroup;
			children = (
				6A5C6F7D1E48BDAE00AD323C /* Base */,
			);
			name = Main.storyboard;
			sourceTree = "<group>";
		};
/* End PBXVariantGroup section */

/* Begin XCBuildConfiguration section */
		6A5C6F851E48BDAE00AD323C /* Debug */ = {
			isa = XCBuildConfiguration;
			buildSettings = {
				ALWAYS_SEARCH_USER_PATHS = NO;
				CLANG_ANALYZER_NONNULL = YES;
				CLANG_CXX_LANGUAGE_STANDARD = "gnu++0x";
				CLANG_CXX_LIBRARY = "libc++";
				CLANG_ENABLE_MODULES = YES;
				CLANG_ENABLE_OBJC_ARC = YES;
				CLANG_WARN_BOOL_CONVERSION = YES;
				CLANG_WARN_CONSTANT_CONVERSION = YES;
				CLANG_WARN_DIRECT_OBJC_ISA_USAGE = YES_ERROR;
				CLANG_WARN_DOCUMENTATION_COMMENTS = YES;
				CLANG_WARN_EMPTY_BODY = YES;
				CLANG_WARN_ENUM_CONVERSION = YES;
				CLANG_WARN_INFINITE_RECURSION = YES;
				CLANG_WARN_INT_CONVERSION = YES;
				CLANG_WARN_OBJC_ROOT_CLASS = YES_ERROR;
				CLANG_WARN_SUSPICIOUS_MOVES = YES;
				CLANG_WARN_UNREACHABLE_CODE = YES;
				CLANG_WARN__DUPLICATE_METHOD_MATCH = YES;
				"CODE_SIGN_IDENTITY[sdk=iphoneos*]" = "iPhone Developer";
				COPY_PHASE_STRIP = NO;
				DEBUG_INFORMATION_FORMAT = dwarf;
				ENABLE_STRICT_OBJC_MSGSEND = YES;
				ENABLE_TESTABILITY = YES;
				GCC_C_LANGUAGE_STANDARD = gnu99;
				GCC_DYNAMIC_NO_PIC = NO;
				GCC_NO_COMMON_BLOCKS = YES;
				GCC_OPTIMIZATION_LEVEL = 0;
				GCC_PREPROCESSOR_DEFINITIONS = (
					"DEBUG=1",
					"$(inherited)",
				);
				GCC_WARN_64_TO_32_BIT_CONVERSION = YES;
				GCC_WARN_ABOUT_RETURN_TYPE = YES_ERROR;
				GCC_WARN_UNDECLARED_SELECTOR = YES;
				GCC_WARN_UNINITIALIZED_AUTOS = YES_AGGRESSIVE;
				GCC_WARN_UNUSED_FUNCTION = YES;
				GCC_WARN_UNUSED_VARIABLE = YES;
				IPHONEOS_DEPLOYMENT_TARGET = 10.0;
				MTL_ENABLE_DEBUG_INFO = YES;
				ONLY_ACTIVE_ARCH = YES;
				SDKROOT = iphoneos;
				SWIFT_ACTIVE_COMPILATION_CONDITIONS = DEBUG;
				SWIFT_OPTIMIZATION_LEVEL = "-Onone";
				TARGETED_DEVICE_FAMILY = "1,2";
			};
			name = Debug;
		};
		6A5C6F861E48BDAE00AD323C /* Release */ = {
			isa = XCBuildConfiguration;
			buildSettings = {
				ALWAYS_SEARCH_USER_PATHS = NO;
				CLANG_ANALYZER_NONNULL = YES;
				CLANG_CXX_LANGUAGE_STANDARD = "gnu++0x";
				CLANG_CXX_LIBRARY = "libc++";
				CLANG_ENABLE_MODULES = YES;
				CLANG_ENABLE_OBJC_ARC = YES;
				CLANG_WARN_BOOL_CONVERSION = YES;
				CLANG_WARN_CONSTANT_CONVERSION = YES;
				CLANG_WARN_DIRECT_OBJC_ISA_USAGE = YES_ERROR;
				CLANG_WARN_DOCUMENTATION_COMMENTS = YES;
				CLANG_WARN_EMPTY_BODY = YES;
				CLANG_WARN_ENUM_CONVERSION = YES;
				CLANG_WARN_INFINITE_RECURSION = YES;
				CLANG_WARN_INT_CONVERSION = YES;
				CLANG_WARN_OBJC_ROOT_CLASS = YES_ERROR;
				CLANG_WARN_SUSPICIOUS_MOVES = YES;
				CLANG_WARN_UNREACHABLE_CODE = YES;
				CLANG_WARN__DUPLICATE_METHOD_MATCH = YES;
				"CODE_SIGN_IDENTITY[sdk=iphoneos*]" = "iPhone Developer";
				COPY_PHASE_STRIP = NO;
				DEBUG_INFORMATION_FORMAT = "dwarf-with-dsym";
				ENABLE_NS_ASSERTIONS = NO;
				ENABLE_STRICT_OBJC_MSGSEND = YES;
				GCC_C_LANGUAGE_STANDARD = gnu99;
				GCC_NO_COMMON_BLOCKS = YES;
				GCC_WARN_64_TO_32_BIT_CONVERSION = YES;
				GCC_WARN_ABOUT_RETURN_TYPE = YES_ERROR;
				GCC_WARN_UNDECLARED_SELECTOR = YES;
				GCC_WARN_UNINITIALIZED_AUTOS = YES_AGGRESSIVE;
				GCC_WARN_UNUSED_FUNCTION = YES;
				GCC_WARN_UNUSED_VARIABLE = YES;
				IPHONEOS_DEPLOYMENT_TARGET = 10.0;
				MTL_ENABLE_DEBUG_INFO = NO;
				SDKROOT = iphoneos;
				SWIFT_OPTIMIZATION_LEVEL = "-Owholemodule";
				TARGETED_DEVICE_FAMILY = "1,2";
				VALIDATE_PRODUCT = YES;
			};
			name = Release;
		};
		6A5C6F881E48BDAE00AD323C /* Debug */ = {
			isa = XCBuildConfiguration;
			buildSettings = {
				ASSETCATALOG_COMPILER_APPICON_NAME = AppIcon;
				ASSETCATALOG_COMPILER_LAUNCHIMAGE_NAME = LaunchImage;
				INFOPLIST_FILE = JunWeiBo/Info.plist;
				IPHONEOS_DEPLOYMENT_TARGET = 8.0;
				LD_RUNPATH_SEARCH_PATHS = "$(inherited) @executable_path/Frameworks";
				PRODUCT_BUNDLE_IDENTIFIER = com.quanjun.www.JunWeiBo;
				PRODUCT_NAME = "$(TARGET_NAME)";
				SWIFT_VERSION = 3.0;
			};
			name = Debug;
		};
		6A5C6F891E48BDAE00AD323C /* Release */ = {
			isa = XCBuildConfiguration;
			buildSettings = {
				ASSETCATALOG_COMPILER_APPICON_NAME = AppIcon;
				ASSETCATALOG_COMPILER_LAUNCHIMAGE_NAME = LaunchImage;
				INFOPLIST_FILE = JunWeiBo/Info.plist;
				IPHONEOS_DEPLOYMENT_TARGET = 8.0;
				LD_RUNPATH_SEARCH_PATHS = "$(inherited) @executable_path/Frameworks";
				PRODUCT_BUNDLE_IDENTIFIER = com.quanjun.www.JunWeiBo;
				PRODUCT_NAME = "$(TARGET_NAME)";
				SWIFT_VERSION = 3.0;
			};
			name = Release;
		};
/* End XCBuildConfiguration section */

/* Begin XCConfigurationList section */
		6A5C6F701E48BDAE00AD323C /* Build configuration list for PBXProject "JunWeiBo" */ = {
			isa = XCConfigurationList;
			buildConfigurations = (
				6A5C6F851E48BDAE00AD323C /* Debug */,
				6A5C6F861E48BDAE00AD323C /* Release */,
			);
			defaultConfigurationIsVisible = 0;
			defaultConfigurationName = Release;
		};
		6A5C6F871E48BDAE00AD323C /* Build configuration list for PBXNativeTarget "JunWeiBo" */ = {
			isa = XCConfigurationList;
			buildConfigurations = (
				6A5C6F881E48BDAE00AD323C /* Debug */,
				6A5C6F891E48BDAE00AD323C /* Release */,
			);
			defaultConfigurationIsVisible = 0;
			defaultConfigurationName = Release;
		};
/* End XCConfigurationList section */
	};
	rootObject = 6A5C6F6D1E48BDAE00AD323C /* Project object */;
}
